
Microsoft Visual Studio Solution File, Format Version 12.00
# Visual Studio Version 16
VisualStudioVersion = 16.0.31112.23
MinimumVisualStudioVersion = 10.0.40219.1
Project("{FAE04EC0-301F-11D3-BF4B-00C04F79EFBC}") = "LaterCloneAPI", "LaterCloneAPI\LaterCloneAPI.csproj", "{0FFE19DF-A5FE-4986-BC45-5C2A322F10EA}"
EndProject
Global
	GlobalSection(SolutionConfigurationPlatforms) = preSolution
		Debug|Any CPU = Debug|Any CPU
		Release|Any CPU = Release|Any CPU
	EndGlobalSection
	GlobalSection(ProjectConfigurationPlatforms) = postSolution
		{0FFE19DF-A5FE-4986-BC45-5C2A322F10EA}.Debug|Any CPU.ActiveCfg = Debug|Any CPU
		{0FFE19DF-A5FE-4986-BC45-5C2A322F10EA}.Debug|Any CPU.Build.0 = Debug|Any CPU
		{0FFE19DF-A5FE-4986-BC45-5C2A322F10EA}.Release|Any CPU.ActiveCfg = Release|Any CPU
		{0FFE19DF-A5FE-4986-BC45-5C2A322F10EA}.Release|Any CPU.Build.0 = Release|Any CPU
	EndGlobalSection
	GlobalSection(SolutionProperties) = preSolution
		HideSolutionNode = FALSE
	EndGlobalSection
	GlobalSection(ExtensibilityGlobals) = postSolution
		SolutionGuid = {A29D6D9D-38EC-4C40-BE11-F48C6AFAE147}
	EndGlobalSection
EndGlobal
